
Microsoft Visual Studio Solution File, Format Version 12.00
Project("{FAE04EC0-301F-11D3-BF4B-00C04F79EFBC}") = "3ESA-Checkopoint1", "3ESA-Checkopoint1\3ESA-Checkopoint1.csproj", "{9916D7A1-E964-42CD-9E59-3C0C21079E34}"
EndProject
Global
	GlobalSection(SolutionConfigurationPlatforms) = preSolution
		Debug|Any CPU = Debug|Any CPU
		Release|Any CPU = Release|Any CPU
	EndGlobalSection
	GlobalSection(ProjectConfigurationPlatforms) = postSolution
		{9916D7A1-E964-42CD-9E59-3C0C21079E34}.Debug|Any CPU.ActiveCfg = Debug|Any CPU
		{9916D7A1-E964-42CD-9E59-3C0C21079E34}.Debug|Any CPU.Build.0 = Debug|Any CPU
		{9916D7A1-E964-42CD-9E59-3C0C21079E34}.Release|Any CPU.ActiveCfg = Release|Any CPU
		{9916D7A1-E964-42CD-9E59-3C0C21079E34}.Release|Any CPU.Build.0 = Release|Any CPU
	EndGlobalSection
EndGlobal
